
Microsoft Visual Studio Solution File, Format Version 12.00
# Visual Studio Version 17
VisualStudioVersion = 17.14.36221.1 d17.14
MinimumVisualStudioVersion = 10.0.40219.1
Project("{FAE04EC0-301F-11D3-BF4B-00C04F79EFBC}") = "Salon_CaO", "Salon_CaO\Salon_CaO.csproj", "{B9FEFB0D-297D-45FC-A7F1-9FFFF6094C9F}"
EndProject
Global
	GlobalSection(SolutionConfigurationPlatforms) = preSolution
		Debug|Any CPU = Debug|Any CPU
		Release|Any CPU = Release|Any CPU
	EndGlobalSection
	GlobalSection(ProjectConfigurationPlatforms) = postSolution
		{B9FEFB0D-297D-45FC-A7F1-9FFFF6094C9F}.Debug|Any CPU.ActiveCfg = Debug|Any CPU
		{B9FEFB0D-297D-45FC-A7F1-9FFFF6094C9F}.Debug|Any CPU.Build.0 = Debug|Any CPU
		{B9FEFB0D-297D-45FC-A7F1-9FFFF6094C9F}.Release|Any CPU.ActiveCfg = Release|Any CPU
		{B9FEFB0D-297D-45FC-A7F1-9FFFF6094C9F}.Release|Any CPU.Build.0 = Release|Any CPU
	EndGlobalSection
	GlobalSection(SolutionProperties) = preSolution
		HideSolutionNode = FALSE
	EndGlobalSection
	GlobalSection(ExtensibilityGlobals) = postSolution
		SolutionGuid = {19D18BB3-2749-4999-82D8-2A3905258CD2}
	EndGlobalSection
EndGlobal
